// !$*UTF8*$!
{
	archiveVersion = 1;
	classes = {
	};
	objectVersion = 46;
	objects = {

/* Begin PBXBuildFile section */
		C50270941D143862006BD61A /* main.swift in Sources */ = {isa = PBXBuildFile; fileRef = C50270931D143862006BD61A /* main.swift */; };
		C50270AA1D14396B006BD61A /* README.md in Sources */ = {isa = PBXBuildFile; fileRef = C50270A71D14396B006BD61A /* README.md */; };
/* End PBXBuildFile section */

/* Begin PBXCopyFilesBuildPhase section */
		C502708E1D143862006BD61A /* CopyFiles */ = {
			isa = PBXCopyFilesBuildPhase;
			buildActionMask = 2147483647;
			dstPath = /usr/share/man/man1/;
			dstSubfolderSpec = 0;
			files = (
			);
			runOnlyForDeploymentPostprocessing = 1;
		};
/* End PBXCopyFilesBuildPhase section */

/* Begin PBXFileReference section */
		C50270901D143862006BD61A /* SwiftDemo */ = {isa = PBXFileReference; explicitFileType = "compiled.mach-o.executable"; includeInIndex = 0; path = SwiftDemo; sourceTree = BUILT_PRODUCTS_DIR; };
		C50270931D143862006BD61A /* main.swift */ = {isa = PBXFileReference; lastKnownFileType = sourcecode.swift; path = main.swift; sourceTree = "<group>"; };
		C502709A1D143884006BD61A /* extension.playground */ = {isa = PBXFileReference; lastKnownFileType = file.playground; path = extension.playground; sourceTree = "<group>"; };
		C502709B1D14396B006BD61A /* arc.playground */ = {isa = PBXFileReference; lastKnownFileType = file.playground; path = arc.playground; sourceTree = "<group>"; };
		C502709C1D14396B006BD61A /* array.playground */ = {isa = PBXFileReference; lastKnownFileType = file.playground; path = array.playground; sourceTree = "<group>"; };
		C502709D1D14396B006BD61A /* classAndStruct.playground */ = {isa = PBXFileReference; lastKnownFileType = file.playground; path = classAndStruct.playground; sourceTree = "<group>"; };
		C502709E1D14396B006BD61A /* closures.playground */ = {isa = PBXFileReference; lastKnownFileType = file.playground; path = closures.playground; sourceTree = "<group>"; };
		C502709F1D14396B006BD61A /* dictionary.playground */ = {isa = PBXFileReference; lastKnownFileType = file.playground; path = dictionary.playground; sourceTree = "<group>"; };
		C50270A01D14396B006BD61A /* enum.playground */ = {isa = PBXFileReference; lastKnownFileType = file.playground; path = enum.playground; sourceTree = "<group>"; };
		C50270A11D14396B006BD61A /* func.playground */ = {isa = PBXFileReference; lastKnownFileType = file.playground; path = func.playground; sourceTree = "<group>"; };
		C50270A21D14396B006BD61A /* inherit.playground */ = {isa = PBXFileReference; lastKnownFileType = file.playground; path = inherit.playground; sourceTree = "<group>"; };
		C50270A31D14396B006BD61A /* initialization.playground */ = {isa = PBXFileReference; lastKnownFileType = file.playground; path = initialization.playground; sourceTree = "<group>"; };
		C50270A41D14396B006BD61A /* method.playground */ = {isa = PBXFileReference; lastKnownFileType = file.playground; path = method.playground; sourceTree = "<group>"; };
		C50270A51D14396B006BD61A /* optionalChaining.playground */ = {isa = PBXFileReference; lastKnownFileType = file.playground; path = optionalChaining.playground; sourceTree = "<group>"; };
		C50270A61D14396B006BD61A /* properties.playground */ = {isa = PBXFileReference; lastKnownFileType = file.playground; path = properties.playground; sourceTree = "<group>"; };
		C50270A71D14396B006BD61A /* README.md */ = {isa = PBXFileReference; fileEncoding = 4; lastKnownFileType = net.daringfireball.markdown; path = README.md; sourceTree = "<group>"; };
		C50270A81D14396B006BD61A /* set.playground */ = {isa = PBXFileReference; lastKnownFileType = file.playground; path = set.playground; sourceTree = "<group>"; };
		C50270A91D14396B006BD61A /* tuples.playground */ = {isa = PBXFileReference; lastKnownFileType = file.playground; path = tuples.playground; sourceTree = "<group>"; };
/* End PBXFileReference section */

/* Begin PBXFrameworksBuildPhase section */
		C502708D1D143862006BD61A /* Frameworks */ = {
			isa = PBXFrameworksBuildPhase;
			buildActionMask = 2147483647;
			files = (
			);
			runOnlyForDeploymentPostprocessing = 0;
		};
/* End PBXFrameworksBuildPhase section */

/* Begin PBXGroup section */
		C50270871D143862006BD61A = {
			isa = PBXGroup;
			children = (
				C50270921D143862006BD61A /* SwiftDemo */,
				C50270911D143862006BD61A /* Products */,
			);
			sourceTree = "<group>";
		};
		C50270911D143862006BD61A /* Products */ = {
			isa = PBXGroup;
			children = (
				C50270901D143862006BD61A /* SwiftDemo */,
			);
			name = Products;
			sourceTree = "<group>";
		};
		C50270921D143862006BD61A /* SwiftDemo */ = {
			isa = PBXGroup;
			children = (
				C502709B1D14396B006BD61A /* arc.playground */,
				C502709C1D14396B006BD61A /* array.playground */,
				C502709D1D14396B006BD61A /* classAndStruct.playground */,
				C502709E1D14396B006BD61A /* closures.playground */,
				C502709F1D14396B006BD61A /* dictionary.playground */,
				C50270A01D14396B006BD61A /* enum.playground */,
				C50270A11D14396B006BD61A /* func.playground */,
				C50270A21D14396B006BD61A /* inherit.playground */,
				C50270A31D14396B006BD61A /* initialization.playground */,
				C50270A41D14396B006BD61A /* method.playground */,
				C50270A51D14396B006BD61A /* optionalChaining.playground */,
				C50270A61D14396B006BD61A /* properties.playground */,
				C50270A71D14396B006BD61A /* README.md */,
				C50270A81D14396B006BD61A /* set.playground */,
				C50270A91D14396B006BD61A /* tuples.playground */,
				C50270931D143862006BD61A /* main.swift */,
				C502709A1D143884006BD61A /* extension.playground */,
			);
			path = SwiftDemo;
			sourceTree = "<group>";
		};
/* End PBXGroup section */

/* Begin PBXNativeTarget section */
		C502708F1D143862006BD61A /* SwiftDemo */ = {
			isa = PBXNativeTarget;
			buildConfigurationList = C50270971D143862006BD61A /* Build configuration list for PBXNativeTarget "SwiftDemo" */;
			buildPhases = (
				C502708C1D143862006BD61A /* Sources */,
				C502708D1D143862006BD61A /* Frameworks */,
				C502708E1D143862006BD61A /* CopyFiles */,
			);
			buildRules = (
			);
			dependencies = (
			);
			name = SwiftDemo;
			productName = SwiftDemo;
			productReference = C50270901D143862006BD61A /* SwiftDemo */;
			productType = "com.apple.product-type.tool";
		};
/* End PBXNativeTarget section */

/* Begin PBXProject section */
		C50270881D143862006BD61A /* Project object */ = {
			isa = PBXProject;
			attributes = {
				LastSwiftUpdateCheck = 0710;
				LastUpgradeCheck = 0710;
				ORGANIZATIONNAME = "Jet Yu";
				TargetAttributes = {
					C502708F1D143862006BD61A = {
						CreatedOnToolsVersion = 7.1;
					};
				};
			};
			buildConfigurationList = C502708B1D143862006BD61A /* Build configuration list for PBXProject "SwiftDemo" */;
			compatibilityVersion = "Xcode 3.2";
			developmentRegion = English;
			hasScannedForEncodings = 0;
			knownRegions = (
				en,
			);
			mainGroup = C50270871D143862006BD61A;
			productRefGroup = C50270911D143862006BD61A /* Products */;
			projectDirPath = "";
			projectRoot = "";
			targets = (
				C502708F1D143862006BD61A /* SwiftDemo */,
			);
		};
/* End PBXProject section */

/* Begin PBXSourcesBuildPhase section */
		C502708C1D143862006BD61A /* Sources */ = {
			isa = PBXSourcesBuildPhase;
			buildActionMask = 2147483647;
			files = (
				C50270AA1D14396B006BD61A /* README.md in Sources */,
				C50270941D143862006BD61A /* main.swift in Sources */,
			);
			runOnlyForDeploymentPostprocessing = 0;
		};
/* End PBXSourcesBuildPhase section */

/* Begin XCBuildConfiguration section */
		C50270951D143862006BD61A /* Debug */ = {
			isa = XCBuildConfiguration;
			buildSettings = {
				ALWAYS_SEARCH_USER_PATHS = NO;
				CLANG_CXX_LANGUAGE_STANDARD = "gnu++0x";
				CLANG_CXX_LIBRARY = "libc++";
				CLANG_ENABLE_MODULES = YES;
				CLANG_ENABLE_OBJC_ARC = YES;
				CLANG_WARN_BOOL_CONVERSION = YES;
				CLANG_WARN_CONSTANT_CONVERSION = YES;
				CLANG_WARN_DIRECT_OBJC_ISA_USAGE = YES_ERROR;
				CLANG_WARN_EMPTY_BODY = YES;
				CLANG_WARN_ENUM_CONVERSION = YES;
				CLANG_WARN_INT_CONVERSION = YES;
				CLANG_WARN_OBJC_ROOT_CLASS = YES_ERROR;
				CLANG_WARN_UNREACHABLE_CODE = YES;
				CLANG_WARN__DUPLICATE_METHOD_MATCH = YES;
				CODE_SIGN_IDENTITY = "-";
				COPY_PHASE_STRIP = NO;
				DEBUG_INFORMATION_FORMAT = dwarf;
				ENABLE_STRICT_OBJC_MSGSEND = YES;
				ENABLE_TESTABILITY = YES;
				GCC_C_LANGUAGE_STANDARD = gnu99;
				GCC_DYNAMIC_NO_PIC = NO;
				GCC_NO_COMMON_BLOCKS = YES;
				GCC_OPTIMIZATION_LEVEL = 0;
				GCC_PREPROCESSOR_DEFINITIONS = (
					"DEBUG=1",
					"$(inherited)",
				);
				GCC_WARN_64_TO_32_BIT_CONVERSION = YES;
				GCC_WARN_ABOUT_RETURN_TYPE = YES_ERROR;
				GCC_WARN_UNDECLARED_SELECTOR = YES;
				GCC_WARN_UNINITIALIZED_AUTOS = YES_AGGRESSIVE;
				GCC_WARN_UNUSED_FUNCTION = YES;
				GCC_WARN_UNUSED_VARIABLE = YES;
				MACOSX_DEPLOYMENT_TARGET = 10.11;
				MTL_ENABLE_DEBUG_INFO = YES;
				ONLY_ACTIVE_ARCH = YES;
				SDKROOT = macosx;
				SWIFT_OPTIMIZATION_LEVEL = "-Onone";
			};
			name = Debug;
		};
		C50270961D143862006BD61A /* Release */ = {
			isa = XCBuildConfiguration;
			buildSettings = {
				ALWAYS_SEARCH_USER_PATHS = NO;
				CLANG_CXX_LANGUAGE_STANDARD = "gnu++0x";
				CLANG_CXX_LIBRARY = "libc++";
				CLANG_ENABLE_MODULES = YES;
				CLANG_ENABLE_OBJC_ARC = YES;
				CLANG_WARN_BOOL_CONVERSION = YES;
				CLANG_WARN_CONSTANT_CONVERSION = YES;
				CLANG_WARN_DIRECT_OBJC_ISA_USAGE = YES_ERROR;
				CLANG_WARN_EMPTY_BODY = YES;
				CLANG_WARN_ENUM_CONVERSION = YES;
				CLANG_WARN_INT_CONVERSION = YES;
				CLANG_WARN_OBJC_ROOT_CLASS = YES_ERROR;
				CLANG_WARN_UNREACHABLE_CODE = YES;
				CLANG_WARN__DUPLICATE_METHOD_MATCH = YES;
				CODE_SIGN_IDENTITY = "-";
				COPY_PHASE_STRIP = NO;
				DEBUG_INFORMATION_FORMAT = "dwarf-with-dsym";
				ENABLE_NS_ASSERTIONS = NO;
				ENABLE_STRICT_OBJC_MSGSEND = YES;
				GCC_C_LANGUAGE_STANDARD = gnu99;
				GCC_NO_COMMON_BLOCKS = YES;
				GCC_WARN_64_TO_32_BIT_CONVERSION = YES;
				GCC_WARN_ABOUT_RETURN_TYPE = YES_ERROR;
				GCC_WARN_UNDECLARED_SELECTOR = YES;
				GCC_WARN_UNINITIALIZED_AUTOS = YES_AGGRESSIVE;
				GCC_WARN_UNUSED_FUNCTION = YES;
				GCC_WARN_UNUSED_VARIABLE = YES;
				MACOSX_DEPLOYMENT_TARGET = 10.11;
				MTL_ENABLE_DEBUG_INFO = NO;
				SDKROOT = macosx;
			};
			name = Release;
		};
		C50270981D143862006BD61A /* Debug */ = {
			isa = XCBuildConfiguration;
			buildSettings = {
				PRODUCT_NAME = "$(TARGET_NAME)";
			};
			name = Debug;
		};
		C50270991D143862006BD61A /* Release */ = {
			isa = XCBuildConfiguration;
			buildSettings = {
				PRODUCT_NAME = "$(TARGET_NAME)";
			};
			name = Release;
		};
/* End XCBuildConfiguration section */

/* Begin XCConfigurationList section */
		C502708B1D143862006BD61A /* Build configuration list for PBXProject "SwiftDemo" */ = {
			isa = XCConfigurationList;
			buildConfigurations = (
				C50270951D143862006BD61A /* Debug */,
				C50270961D143862006BD61A /* Release */,
			);
			defaultConfigurationIsVisible = 0;
			defaultConfigurationName = Release;
		};
		C50270971D143862006BD61A /* Build configuration list for PBXNativeTarget "SwiftDemo" */ = {
			isa = XCConfigurationList;
			buildConfigurations = (
				C50270981D143862006BD61A /* Debug */,
				C50270991D143862006BD61A /* Release */,
			);
			defaultConfigurationIsVisible = 0;
		};
/* End XCConfigurationList section */
	};
	rootObject = C50270881D143862006BD61A /* Project object */;
}
